// !$*UTF8*$!
{
	archiveVersion = 1;
	classes = {
	};
	objectVersion = 51;
	objects = {

/* Begin PBXBuildFile section */
		27036B9F25D26CE400182E76 /* BirthdaysAppTests.swift in Sources */ = {isa = PBXBuildFile; fileRef = 27036B9E25D26CE400182E76 /* BirthdaysAppTests.swift */; };
		2768005225B5E9B5008A7EBA /* BirthdayDetailVC.swift in Sources */ = {isa = PBXBuildFile; fileRef = 2768005125B5E9B5008A7EBA /* BirthdayDetailVC.swift */; };
		2768005525B5EE6B008A7EBA /* BirthdaysListPresentable.swift in Sources */ = {isa = PBXBuildFile; fileRef = 2768005425B5EE6B008A7EBA /* BirthdaysListPresentable.swift */; };
		27A4B43A25B5B93300AFAE7B /* AppDelegate.swift in Sources */ = {isa = PBXBuildFile; fileRef = 27A4B43925B5B93300AFAE7B /* AppDelegate.swift */; };
		27A4B43C25B5B93300AFAE7B /* SceneDelegate.swift in Sources */ = {isa = PBXBuildFile; fileRef = 27A4B43B25B5B93300AFAE7B /* SceneDelegate.swift */; };
		27A4B44125B5B93300AFAE7B /* Main.storyboard in Resources */ = {isa = PBXBuildFile; fileRef = 27A4B43F25B5B93300AFAE7B /* Main.storyboard */; };
		27A4B44325B5B93800AFAE7B /* Assets.xcassets in Resources */ = {isa = PBXBuildFile; fileRef = 27A4B44225B5B93800AFAE7B /* Assets.xcassets */; };
		27A4B44625B5B93800AFAE7B /* LaunchScreen.storyboard in Resources */ = {isa = PBXBuildFile; fileRef = 27A4B44425B5B93800AFAE7B /* LaunchScreen.storyboard */; };
		27A4B44E25B5BA9200AFAE7B /* NetworkManager.swift in Sources */ = {isa = PBXBuildFile; fileRef = 27A4B44D25B5BA9200AFAE7B /* NetworkManager.swift */; };
		27C097E525B5C174006CE008 /* BirthdaysResponse.swift in Sources */ = {isa = PBXBuildFile; fileRef = 27C097E425B5C174006CE008 /* BirthdaysResponse.swift */; };
		27C097EA25B5C445006CE008 /* BirthdaysListVC.swift in Sources */ = {isa = PBXBuildFile; fileRef = 27C097E925B5C445006CE008 /* BirthdaysListVC.swift */; };
		27C097EE25B5C4EB006CE008 /* BirthdaysListVM.swift in Sources */ = {isa = PBXBuildFile; fileRef = 27C097ED25B5C4EB006CE008 /* BirthdaysListVM.swift */; };
		27C097F225B5C76F006CE008 /* AppExtensions.swift in Sources */ = {isa = PBXBuildFile; fileRef = 27C097F125B5C76F006CE008 /* AppExtensions.swift */; };
		27C097F425B5CACE006CE008 /* AppNavigation.swift in Sources */ = {isa = PBXBuildFile; fileRef = 27C097F325B5CACE006CE008 /* AppNavigation.swift */; };
		B7C945D616FC3521899E7C9B /* Pods_BirthdaysApp.framework in Frameworks */ = {isa = PBXBuildFile; fileRef = 30BEB279ECE6DB7CC6345DF3 /* Pods_BirthdaysApp.framework */; };
/* End PBXBuildFile section */

/* Begin PBXContainerItemProxy section */
		27036BA125D26CE400182E76 /* PBXContainerItemProxy */ = {
			isa = PBXContainerItemProxy;
			containerPortal = 27A4B42E25B5B93300AFAE7B /* Project object */;
			proxyType = 1;
			remoteGlobalIDString = 27A4B43525B5B93300AFAE7B;
			remoteInfo = BirthdaysApp;
		};
/* End PBXContainerItemProxy section */

/* Begin PBXFileReference section */
		27036B9C25D26CE400182E76 /* BirthdaysAppTests.xctest */ = {isa = PBXFileReference; explicitFileType = wrapper.cfbundle; includeInIndex = 0; path = BirthdaysAppTests.xctest; sourceTree = BUILT_PRODUCTS_DIR; };
		27036B9E25D26CE400182E76 /* BirthdaysAppTests.swift */ = {isa = PBXFileReference; lastKnownFileType = sourcecode.swift; path = BirthdaysAppTests.swift; sourceTree = "<group>"; };
		27036BA025D26CE400182E76 /* Info.plist */ = {isa = PBXFileReference; lastKnownFileType = text.plist.xml; path = Info.plist; sourceTree = "<group>"; };
		2768005125B5E9B5008A7EBA /* BirthdayDetailVC.swift */ = {isa = PBXFileReference; lastKnownFileType = sourcecode.swift; path = BirthdayDetailVC.swift; sourceTree = "<group>"; };
		2768005425B5EE6B008A7EBA /* BirthdaysListPresentable.swift */ = {isa = PBXFileReference; fileEncoding = 4; lastKnownFileType = sourcecode.swift; path = BirthdaysListPresentable.swift; sourceTree = "<group>"; };
		27A4B43625B5B93300AFAE7B /* BirthdaysApp.app */ = {isa = PBXFileReference; explicitFileType = wrapper.application; includeInIndex = 0; path = BirthdaysApp.app; sourceTree = BUILT_PRODUCTS_DIR; };
		27A4B43925B5B93300AFAE7B /* AppDelegate.swift */ = {isa = PBXFileReference; lastKnownFileType = sourcecode.swift; path = AppDelegate.swift; sourceTree = "<group>"; };
		27A4B43B25B5B93300AFAE7B /* SceneDelegate.swift */ = {isa = PBXFileReference; lastKnownFileType = sourcecode.swift; path = SceneDelegate.swift; sourceTree = "<group>"; };
		27A4B44025B5B93300AFAE7B /* Base */ = {isa = PBXFileReference; lastKnownFileType = file.storyboard; name = Base; path = Base.lproj/Main.storyboard; sourceTree = "<group>"; };
		27A4B44225B5B93800AFAE7B /* Assets.xcassets */ = {isa = PBXFileReference; lastKnownFileType = folder.assetcatalog; path = Assets.xcassets; sourceTree = "<group>"; };
		27A4B44525B5B93800AFAE7B /* Base */ = {isa = PBXFileReference; lastKnownFileType = file.storyboard; name = Base; path = Base.lproj/LaunchScreen.storyboard; sourceTree = "<group>"; };
		27A4B44725B5B93800AFAE7B /* Info.plist */ = {isa = PBXFileReference; lastKnownFileType = text.plist.xml; path = Info.plist; sourceTree = "<group>"; };
		27A4B44D25B5BA9200AFAE7B /* NetworkManager.swift */ = {isa = PBXFileReference; lastKnownFileType = sourcecode.swift; path = NetworkManager.swift; sourceTree = "<group>"; };
		27C097E425B5C174006CE008 /* BirthdaysResponse.swift */ = {isa = PBXFileReference; lastKnownFileType = sourcecode.swift; path = BirthdaysResponse.swift; sourceTree = "<group>"; };
		27C097E925B5C445006CE008 /* BirthdaysListVC.swift */ = {isa = PBXFileReference; lastKnownFileType = sourcecode.swift; path = BirthdaysListVC.swift; sourceTree = "<group>"; };
		27C097ED25B5C4EB006CE008 /* BirthdaysListVM.swift */ = {isa = PBXFileReference; lastKnownFileType = sourcecode.swift; path = BirthdaysListVM.swift; sourceTree = "<group>"; };
		27C097F125B5C76F006CE008 /* AppExtensions.swift */ = {isa = PBXFileReference; lastKnownFileType = sourcecode.swift; path = AppExtensions.swift; sourceTree = "<group>"; };
		27C097F325B5CACE006CE008 /* AppNavigation.swift */ = {isa = PBXFileReference; lastKnownFileType = sourcecode.swift; path = AppNavigation.swift; sourceTree = "<group>"; };
		30BEB279ECE6DB7CC6345DF3 /* Pods_BirthdaysApp.framework */ = {isa = PBXFileReference; explicitFileType = wrapper.framework; includeInIndex = 0; path = Pods_BirthdaysApp.framework; sourceTree = BUILT_PRODUCTS_DIR; };
		3C8203590B258E4FEB706F8C /* Pods-BirthdaysApp.debug.xcconfig */ = {isa = PBXFileReference; includeInIndex = 1; lastKnownFileType = text.xcconfig; name = "Pods-BirthdaysApp.debug.xcconfig"; path = "Target Support Files/Pods-BirthdaysApp/Pods-BirthdaysApp.debug.xcconfig"; sourceTree = "<group>"; };
		719395311CD09BE8978AD675 /* Pods-BirthdaysApp.release.xcconfig */ = {isa = PBXFileReference; includeInIndex = 1; lastKnownFileType = text.xcconfig; name = "Pods-BirthdaysApp.release.xcconfig"; path = "Target Support Files/Pods-BirthdaysApp/Pods-BirthdaysApp.release.xcconfig"; sourceTree = "<group>"; };
/* End PBXFileReference section */

/* Begin PBXFrameworksBuildPhase section */
		27036B9925D26CE400182E76 /* Frameworks */ = {
			isa = PBXFrameworksBuildPhase;
			buildActionMask = 2147483647;
			files = (
			);
			runOnlyForDeploymentPostprocessing = 0;
		};
		27A4B43325B5B93300AFAE7B /* Frameworks */ = {
			isa = PBXFrameworksBuildPhase;
			buildActionMask = 2147483647;
			files = (
				B7C945D616FC3521899E7C9B /* Pods_BirthdaysApp.framework in Frameworks */,
			);
			runOnlyForDeploymentPostprocessing = 0;
		};
/* End PBXFrameworksBuildPhase section */

/* Begin PBXGroup section */
		27036B9D25D26CE400182E76 /* BirthdaysAppTests */ = {
			isa = PBXGroup;
			children = (
				27036B9E25D26CE400182E76 /* BirthdaysAppTests.swift */,
				27036BA025D26CE400182E76 /* Info.plist */,
			);
			path = BirthdaysAppTests;
			sourceTree = "<group>";
		};
		2768005025B5E992008A7EBA /* BirthdayDetail */ = {
			isa = PBXGroup;
			children = (
				2768005125B5E9B5008A7EBA /* BirthdayDetailVC.swift */,
			);
			path = BirthdayDetail;
			sourceTree = "<group>";
		};
		2768005325B5EE6B008A7EBA /* BirthdayPresentable */ = {
			isa = PBXGroup;
			children = (
				2768005425B5EE6B008A7EBA /* BirthdaysListPresentable.swift */,
			);
			name = BirthdayPresentable;
			path = BirthdaysApp/BirthdayPresentable;
			sourceTree = SOURCE_ROOT;
		};
		27A4B42D25B5B93300AFAE7B = {
			isa = PBXGroup;
			children = (
				27A4B43825B5B93300AFAE7B /* BirthdaysApp */,
				27036B9D25D26CE400182E76 /* BirthdaysAppTests */,
				27A4B43725B5B93300AFAE7B /* Products */,
				F671D360C2CB7970AF749D71 /* Pods */,
				97179A863ACDEC27CF9607E0 /* Frameworks */,
			);
			sourceTree = "<group>";
		};
		27A4B43725B5B93300AFAE7B /* Products */ = {
			isa = PBXGroup;
			children = (
				27A4B43625B5B93300AFAE7B /* BirthdaysApp.app */,
				27036B9C25D26CE400182E76 /* BirthdaysAppTests.xctest */,
			);
			name = Products;
			sourceTree = "<group>";
		};
		27A4B43825B5B93300AFAE7B /* BirthdaysApp */ = {
			isa = PBXGroup;
			children = (
				27C097F025B5C52E006CE008 /* NetworkAPI */,
				27C097EF25B5C518006CE008 /* Models */,
				27C097E825B5C3FD006CE008 /* BirthdaysList */,
				2768005025B5E992008A7EBA /* BirthdayDetail */,
				2768005325B5EE6B008A7EBA /* BirthdayPresentable */,
				27A4B43925B5B93300AFAE7B /* AppDelegate.swift */,
				27A4B43B25B5B93300AFAE7B /* SceneDelegate.swift */,
				27C097F125B5C76F006CE008 /* AppExtensions.swift */,
				27C097F325B5CACE006CE008 /* AppNavigation.swift */,
				27A4B43F25B5B93300AFAE7B /* Main.storyboard */,
				27A4B44225B5B93800AFAE7B /* Assets.xcassets */,
				27A4B44425B5B93800AFAE7B /* LaunchScreen.storyboard */,
				27A4B44725B5B93800AFAE7B /* Info.plist */,
			);
			path = BirthdaysApp;
			sourceTree = "<group>";
		};
		27C097E825B5C3FD006CE008 /* BirthdaysList */ = {
			isa = PBXGroup;
			children = (
				27C097ED25B5C4EB006CE008 /* BirthdaysListVM.swift */,
				27C097E925B5C445006CE008 /* BirthdaysListVC.swift */,
			);
			path = BirthdaysList;
			sourceTree = "<group>";
		};
		27C097EF25B5C518006CE008 /* Models */ = {
			isa = PBXGroup;
			children = (
				27C097E425B5C174006CE008 /* BirthdaysResponse.swift */,
			);
			path = Models;
			sourceTree = "<group>";
		};
		27C097F025B5C52E006CE008 /* NetworkAPI */ = {
			isa = PBXGroup;
			children = (
				27A4B44D25B5BA9200AFAE7B /* NetworkManager.swift */,
			);
			path = NetworkAPI;
			sourceTree = "<group>";
		};
		97179A863ACDEC27CF9607E0 /* Frameworks */ = {
			isa = PBXGroup;
			children = (
				30BEB279ECE6DB7CC6345DF3 /* Pods_BirthdaysApp.framework */,
			);
			name = Frameworks;
			sourceTree = "<group>";
		};
		F671D360C2CB7970AF749D71 /* Pods */ = {
			isa = PBXGroup;
			children = (
				3C8203590B258E4FEB706F8C /* Pods-BirthdaysApp.debug.xcconfig */,
				719395311CD09BE8978AD675 /* Pods-BirthdaysApp.release.xcconfig */,
			);
			path = Pods;
			sourceTree = "<group>";
		};
/* End PBXGroup section */

/* Begin PBXNativeTarget section */
		27036B9B25D26CE400182E76 /* BirthdaysAppTests */ = {
			isa = PBXNativeTarget;
			buildConfigurationList = 27036BA525D26CE400182E76 /* Build configuration list for PBXNativeTarget "BirthdaysAppTests" */;
			buildPhases = (
				27036B9825D26CE400182E76 /* Sources */,
				27036B9925D26CE400182E76 /* Frameworks */,
				27036B9A25D26CE400182E76 /* Resources */,
			);
			buildRules = (
			);
			dependencies = (
				27036BA225D26CE400182E76 /* PBXTargetDependency */,
			);
			name = BirthdaysAppTests;
			productName = BirthdaysAppTests;
			productReference = 27036B9C25D26CE400182E76 /* BirthdaysAppTests.xctest */;
			productType = "com.apple.product-type.bundle.unit-test";
		};
		27A4B43525B5B93300AFAE7B /* BirthdaysApp */ = {
			isa = PBXNativeTarget;
			buildConfigurationList = 27A4B44A25B5B93800AFAE7B /* Build configuration list for PBXNativeTarget "BirthdaysApp" */;
			buildPhases = (
				13B2B65F3CF097457B2ACD27 /* [CP] Check Pods Manifest.lock */,
				27A4B43225B5B93300AFAE7B /* Sources */,
				27A4B43325B5B93300AFAE7B /* Frameworks */,
				27A4B43425B5B93300AFAE7B /* Resources */,
				F279590B86EE324D456E4C45 /* [CP] Embed Pods Frameworks */,
			);
			buildRules = (
			);
			dependencies = (
			);
			name = BirthdaysApp;
			productName = BirthdaysApp;
			productReference = 27A4B43625B5B93300AFAE7B /* BirthdaysApp.app */;
			productType = "com.apple.product-type.application";
		};
/* End PBXNativeTarget section */

/* Begin PBXProject section */
		27A4B42E25B5B93300AFAE7B /* Project object */ = {
			isa = PBXProject;
			attributes = {
				LastSwiftUpdateCheck = 1170;
				LastUpgradeCheck = 1170;
				TargetAttributes = {
					27036B9B25D26CE400182E76 = {
						CreatedOnToolsVersion = 11.7;
						TestTargetID = 27A4B43525B5B93300AFAE7B;
					};
					27A4B43525B5B93300AFAE7B = {
						CreatedOnToolsVersion = 11.7;
					};
				};
			};
			buildConfigurationList = 27A4B43125B5B93300AFAE7B /* Build configuration list for PBXProject "BirthdaysApp" */;
			compatibilityVersion = "Xcode 9.3";
			developmentRegion = en;
			hasScannedForEncodings = 0;
			knownRegions = (
				en,
				Base,
			);
			mainGroup = 27A4B42D25B5B93300AFAE7B;
			productRefGroup = 27A4B43725B5B93300AFAE7B /* Products */;
			projectDirPath = "";
			projectRoot = "";
			targets = (
				27A4B43525B5B93300AFAE7B /* BirthdaysApp */,
				27036B9B25D26CE400182E76 /* BirthdaysAppTests */,
			);
		};
/* End PBXProject section */

/* Begin PBXResourcesBuildPhase section */
		27036B9A25D26CE400182E76 /* Resources */ = {
			isa = PBXResourcesBuildPhase;
			buildActionMask = 2147483647;
			files = (
			);
			runOnlyForDeploymentPostprocessing = 0;
		};
		27A4B43425B5B93300AFAE7B /* Resources */ = {
			isa = PBXResourcesBuildPhase;
			buildActionMask = 2147483647;
			files = (
				27A4B44625B5B93800AFAE7B /* LaunchScreen.storyboard in Resources */,
				27A4B44325B5B93800AFAE7B /* Assets.xcassets in Resources */,
				27A4B44125B5B93300AFAE7B /* Main.storyboard in Resources */,
			);
			runOnlyForDeploymentPostprocessing = 0;
		};
/* End PBXResourcesBuildPhase section */

/* Begin PBXShellScriptBuildPhase section */
		13B2B65F3CF097457B2ACD27 /* [CP] Check Pods Manifest.lock */ = {
			isa = PBXShellScriptBuildPhase;
			buildActionMask = 2147483647;
			files = (
			);
			inputFileListPaths = (
			);
			inputPaths = (
				"${PODS_PODFILE_DIR_PATH}/Podfile.lock",
				"${PODS_ROOT}/Manifest.lock",
			);
			name = "[CP] Check Pods Manifest.lock";
			outputFileListPaths = (
			);
			outputPaths = (
				"$(DERIVED_FILE_DIR)/Pods-BirthdaysApp-checkManifestLockResult.txt",
			);
			runOnlyForDeploymentPostprocessing = 0;
			shellPath = /bin/sh;
			shellScript = "diff \"${PODS_PODFILE_DIR_PATH}/Podfile.lock\" \"${PODS_ROOT}/Manifest.lock\" > /dev/null\nif [ $? != 0 ] ; then\n    # print error to STDERR\n    echo \"error: The sandbox is not in sync with the Podfile.lock. Run 'pod install' or update your CocoaPods installation.\" >&2\n    exit 1\nfi\n# This output is used by Xcode 'outputs' to avoid re-running this script phase.\necho \"SUCCESS\" > \"${SCRIPT_OUTPUT_FILE_0}\"\n";
			showEnvVarsInLog = 0;
		};
		F279590B86EE324D456E4C45 /* [CP] Embed Pods Frameworks */ = {
			isa = PBXShellScriptBuildPhase;
			buildActionMask = 2147483647;
			files = (
			);
			inputFileListPaths = (
				"${PODS_ROOT}/Target Support Files/Pods-BirthdaysApp/Pods-BirthdaysApp-frameworks-${CONFIGURATION}-input-files.xcfilelist",
			);
			name = "[CP] Embed Pods Frameworks";
			outputFileListPaths = (
				"${PODS_ROOT}/Target Support Files/Pods-BirthdaysApp/Pods-BirthdaysApp-frameworks-${CONFIGURATION}-output-files.xcfilelist",
			);
			runOnlyForDeploymentPostprocessing = 0;
			shellPath = /bin/sh;
			shellScript = "\"${PODS_ROOT}/Target Support Files/Pods-BirthdaysApp/Pods-BirthdaysApp-frameworks.sh\"\n";
			showEnvVarsInLog = 0;
		};
/* End PBXShellScriptBuildPhase section */

/* Begin PBXSourcesBuildPhase section */
		27036B9825D26CE400182E76 /* Sources */ = {
			isa = PBXSourcesBuildPhase;
			buildActionMask = 2147483647;
			files = (
				27036B9F25D26CE400182E76 /* BirthdaysAppTests.swift in Sources */,
			);
			runOnlyForDeploymentPostprocessing = 0;
		};
		27A4B43225B5B93300AFAE7B /* Sources */ = {
			isa = PBXSourcesBuildPhase;
			buildActionMask = 2147483647;
			files = (
				2768005225B5E9B5008A7EBA /* BirthdayDetailVC.swift in Sources */,
				27C097F225B5C76F006CE008 /* AppExtensions.swift in Sources */,
				27C097EE25B5C4EB006CE008 /* BirthdaysListVM.swift in Sources */,
				27C097E525B5C174006CE008 /* BirthdaysResponse.swift in Sources */,
				27A4B43A25B5B93300AFAE7B /* AppDelegate.swift in Sources */,
				27A4B44E25B5BA9200AFAE7B /* NetworkManager.swift in Sources */,
				2768005525B5EE6B008A7EBA /* BirthdaysListPresentable.swift in Sources */,
				27C097F425B5CACE006CE008 /* AppNavigation.swift in Sources */,
				27A4B43C25B5B93300AFAE7B /* SceneDelegate.swift in Sources */,
				27C097EA25B5C445006CE008 /* BirthdaysListVC.swift in Sources */,
			);
			runOnlyForDeploymentPostprocessing = 0;
		};
/* End PBXSourcesBuildPhase section */

/* Begin PBXTargetDependency section */
		27036BA225D26CE400182E76 /* PBXTargetDependency */ = {
			isa = PBXTargetDependency;
			target = 27A4B43525B5B93300AFAE7B /* BirthdaysApp */;
			targetProxy = 27036BA125D26CE400182E76 /* PBXContainerItemProxy */;
		};
/* End PBXTargetDependency section */

/* Begin PBXVariantGroup section */
		27A4B43F25B5B93300AFAE7B /* Main.storyboard */ = {
			isa = PBXVariantGroup;
			children = (
				27A4B44025B5B93300AFAE7B /* Base */,
			);
			name = Main.storyboard;
			sourceTree = "<group>";
		};
		27A4B44425B5B93800AFAE7B /* LaunchScreen.storyboard */ = {
			isa = PBXVariantGroup;
			children = (
				27A4B44525B5B93800AFAE7B /* Base */,
			);
			name = LaunchScreen.storyboard;
			sourceTree = "<group>";
		};
/* End PBXVariantGroup section */

/* Begin XCBuildConfiguration section */
		27036BA325D26CE400182E76 /* Debug */ = {
			isa = XCBuildConfiguration;
			buildSettings = {
				BUNDLE_LOADER = "$(TEST_HOST)";
				CODE_SIGN_STYLE = Automatic;
				INFOPLIST_FILE = BirthdaysAppTests/Info.plist;
				LD_RUNPATH_SEARCH_PATHS = (
					"$(inherited)",
					"@executable_path/Frameworks",
					"@loader_path/Frameworks",
				);
				PRODUCT_BUNDLE_IDENTIFIER = com.am33t.BirthdaysAppTests;
				PRODUCT_NAME = "$(TARGET_NAME)";
				SWIFT_VERSION = 5.0;
				TARGETED_DEVICE_FAMILY = "1,2";
				TEST_HOST = "$(BUILT_PRODUCTS_DIR)/BirthdaysApp.app/BirthdaysApp";
			};
			name = Debug;
		};
		27036BA425D26CE400182E76 /* Release */ = {
			isa = XCBuildConfiguration;
			buildSettings = {
				BUNDLE_LOADER = "$(TEST_HOST)";
				CODE_SIGN_STYLE = Automatic;
				INFOPLIST_FILE = BirthdaysAppTests/Info.plist;
				LD_RUNPATH_SEARCH_PATHS = (
					"$(inherited)",
					"@executable_path/Frameworks",
					"@loader_path/Frameworks",
				);
				PRODUCT_BUNDLE_IDENTIFIER = com.am33t.BirthdaysAppTests;
				PRODUCT_NAME = "$(TARGET_NAME)";
				SWIFT_VERSION = 5.0;
				TARGETED_DEVICE_FAMILY = "1,2";
				TEST_HOST = "$(BUILT_PRODUCTS_DIR)/BirthdaysApp.app/BirthdaysApp";
			};
			name = Release;
		};
		27A4B44825B5B93800AFAE7B /* Debug */ = {
			isa = XCBuildConfiguration;
			buildSettings = {
				ALWAYS_SEARCH_USER_PATHS = NO;
				CLANG_ANALYZER_NONNULL = YES;
				CLANG_ANALYZER_NUMBER_OBJECT_CONVERSION = YES_AGGRESSIVE;
				CLANG_CXX_LANGUAGE_STANDARD = "gnu++14";
				CLANG_CXX_LIBRARY = "libc++";
				CLANG_ENABLE_MODULES = YES;
				CLANG_ENABLE_OBJC_ARC = YES;
				CLANG_ENABLE_OBJC_WEAK = YES;
				CLANG_WARN_BLOCK_CAPTURE_AUTORELEASING = YES;
				CLANG_WARN_BOOL_CONVERSION = YES;
				CLANG_WARN_COMMA = YES;
				CLANG_WARN_CONSTANT_CONVERSION = YES;
				CLANG_WARN_DEPRECATED_OBJC_IMPLEMENTATIONS = YES;
				CLANG_WARN_DIRECT_OBJC_ISA_USAGE = YES_ERROR;
				CLANG_WARN_DOCUMENTATION_COMMENTS = YES;
				CLANG_WARN_EMPTY_BODY = YES;
				CLANG_WARN_ENUM_CONVERSION = YES;
				CLANG_WARN_INFINITE_RECURSION = YES;
				CLANG_WARN_INT_CONVERSION = YES;
				CLANG_WARN_NON_LITERAL_NULL_CONVERSION = YES;
				CLANG_WARN_OBJC_IMPLICIT_RETAIN_SELF = YES;
				CLANG_WARN_OBJC_LITERAL_CONVERSION = YES;
				CLANG_WARN_OBJC_ROOT_CLASS = YES_ERROR;
				CLANG_WARN_RANGE_LOOP_ANALYSIS = YES;
				CLANG_WARN_STRICT_PROTOTYPES = YES;
				CLANG_WARN_SUSPICIOUS_MOVE = YES;
				CLANG_WARN_UNGUARDED_AVAILABILITY = YES_AGGRESSIVE;
				CLANG_WARN_UNREACHABLE_CODE = YES;
				CLANG_WARN__DUPLICATE_METHOD_MATCH = YES;
				COPY_PHASE_STRIP = NO;
				DEBUG_INFORMATION_FORMAT = dwarf;
				ENABLE_STRICT_OBJC_MSGSEND = YES;
				ENABLE_TESTABILITY = YES;
				GCC_C_LANGUAGE_STANDARD = gnu11;
				GCC_DYNAMIC_NO_PIC = NO;
				GCC_NO_COMMON_BLOCKS = YES;
				GCC_OPTIMIZATION_LEVEL = 0;
				GCC_PREPROCESSOR_DEFINITIONS = (
					"DEBUG=1",
					"$(inherited)",
				);
				GCC_WARN_64_TO_32_BIT_CONVERSION = YES;
				GCC_WARN_ABOUT_RETURN_TYPE = YES_ERROR;
				GCC_WARN_UNDECLARED_SELECTOR = YES;
				GCC_WARN_UNINITIALIZED_AUTOS = YES_AGGRESSIVE;
				GCC_WARN_UNUSED_FUNCTION = YES;
				GCC_WARN_UNUSED_VARIABLE = YES;
				IPHONEOS_DEPLOYMENT_TARGET = 13.7;
				MTL_ENABLE_DEBUG_INFO = INCLUDE_SOURCE;
				MTL_FAST_MATH = YES;
				ONLY_ACTIVE_ARCH = YES;
				SDKROOT = iphoneos;
				SWIFT_ACTIVE_COMPILATION_CONDITIONS = DEBUG;
				SWIFT_OPTIMIZATION_LEVEL = "-Onone";
			};
			name = Debug;
		};
		27A4B44925B5B93800AFAE7B /* Release */ = {
			isa = XCBuildConfiguration;
			buildSettings = {
				ALWAYS_SEARCH_USER_PATHS = NO;
				CLANG_ANALYZER_NONNULL = YES;
				CLANG_ANALYZER_NUMBER_OBJECT_CONVERSION = YES_AGGRESSIVE;
				CLANG_CXX_LANGUAGE_STANDARD = "gnu++14";
				CLANG_CXX_LIBRARY = "libc++";
				CLANG_ENABLE_MODULES = YES;
				CLANG_ENABLE_OBJC_ARC = YES;
				CLANG_ENABLE_OBJC_WEAK = YES;
				CLANG_WARN_BLOCK_CAPTURE_AUTORELEASING = YES;
				CLANG_WARN_BOOL_CONVERSION = YES;
				CLANG_WARN_COMMA = YES;
				CLANG_WARN_CONSTANT_CONVERSION = YES;
				CLANG_WARN_DEPRECATED_OBJC_IMPLEMENTATIONS = YES;
				CLANG_WARN_DIRECT_OBJC_ISA_USAGE = YES_ERROR;
				CLANG_WARN_DOCUMENTATION_COMMENTS = YES;
				CLANG_WARN_EMPTY_BODY = YES;
				CLANG_WARN_ENUM_CONVERSION = YES;
				CLANG_WARN_INFINITE_RECURSION = YES;
				CLANG_WARN_INT_CONVERSION = YES;
				CLANG_WARN_NON_LITERAL_NULL_CONVERSION = YES;
				CLANG_WARN_OBJC_IMPLICIT_RETAIN_SELF = YES;
				CLANG_WARN_OBJC_LITERAL_CONVERSION = YES;
				CLANG_WARN_OBJC_ROOT_CLASS = YES_ERROR;
				CLANG_WARN_RANGE_LOOP_ANALYSIS = YES;
				CLANG_WARN_STRICT_PROTOTYPES = YES;
				CLANG_WARN_SUSPICIOUS_MOVE = YES;
				CLANG_WARN_UNGUARDED_AVAILABILITY = YES_AGGRESSIVE;
				CLANG_WARN_UNREACHABLE_CODE = YES;
				CLANG_WARN__DUPLICATE_METHOD_MATCH = YES;
				COPY_PHASE_STRIP = NO;
				DEBUG_INFORMATION_FORMAT = "dwarf-with-dsym";
				ENABLE_NS_ASSERTIONS = NO;
				ENABLE_STRICT_OBJC_MSGSEND = YES;
				GCC_C_LANGUAGE_STANDARD = gnu11;
				GCC_NO_COMMON_BLOCKS = YES;
				GCC_WARN_64_TO_32_BIT_CONVERSION = YES;
				GCC_WARN_ABOUT_RETURN_TYPE = YES_ERROR;
				GCC_WARN_UNDECLARED_SELECTOR = YES;
				GCC_WARN_UNINITIALIZED_AUTOS = YES_AGGRESSIVE;
				GCC_WARN_UNUSED_FUNCTION = YES;
				GCC_WARN_UNUSED_VARIABLE = YES;
				IPHONEOS_DEPLOYMENT_TARGET = 13.7;
				MTL_ENABLE_DEBUG_INFO = NO;
				MTL_FAST_MATH = YES;
				SDKROOT = iphoneos;
				SWIFT_COMPILATION_MODE = wholemodule;
				SWIFT_OPTIMIZATION_LEVEL = "-O";
				VALIDATE_PRODUCT = YES;
			};
			name = Release;
		};
		27A4B44B25B5B93800AFAE7B /* Debug */ = {
			isa = XCBuildConfiguration;
			baseConfigurationReference = 3C8203590B258E4FEB706F8C /* Pods-BirthdaysApp.debug.xcconfig */;
			buildSettings = {
				ASSETCATALOG_COMPILER_APPICON_NAME = AppIcon;
				CODE_SIGN_STYLE = Automatic;
				INFOPLIST_FILE = BirthdaysApp/Info.plist;
				LD_RUNPATH_SEARCH_PATHS = (
					"$(inherited)",
					"@executable_path/Frameworks",
				);
				PRODUCT_BUNDLE_IDENTIFIER = com.am33t.BirthdaysApp;
				PRODUCT_NAME = "$(TARGET_NAME)";
				SWIFT_VERSION = 5.0;
				TARGETED_DEVICE_FAMILY = "1,2";
			};
			name = Debug;
		};
		27A4B44C25B5B93800AFAE7B /* Release */ = {
			isa = XCBuildConfiguration;
			baseConfigurationReference = 719395311CD09BE8978AD675 /* Pods-BirthdaysApp.release.xcconfig */;
			buildSettings = {
				ASSETCATALOG_COMPILER_APPICON_NAME = AppIcon;
				CODE_SIGN_STYLE = Automatic;
				INFOPLIST_FILE = BirthdaysApp/Info.plist;
				LD_RUNPATH_SEARCH_PATHS = (
					"$(inherited)",
					"@executable_path/Frameworks",
				);
				PRODUCT_BUNDLE_IDENTIFIER = com.am33t.BirthdaysApp;
				PRODUCT_NAME = "$(TARGET_NAME)";
				SWIFT_VERSION = 5.0;
				TARGETED_DEVICE_FAMILY = "1,2";
			};
			name = Release;
		};
/* End XCBuildConfiguration section */

/* Begin XCConfigurationList section */
		27036BA525D26CE400182E76 /* Build configuration list for PBXNativeTarget "BirthdaysAppTests" */ = {
			isa = XCConfigurationList;
			buildConfigurations = (
				27036BA325D26CE400182E76 /* Debug */,
				27036BA425D26CE400182E76 /* Release */,
			);
			defaultConfigurationIsVisible = 0;
			defaultConfigurationName = Release;
		};
		27A4B43125B5B93300AFAE7B /* Build configuration list for PBXProject "BirthdaysApp" */ = {
			isa = XCConfigurationList;
			buildConfigurations = (
				27A4B44825B5B93800AFAE7B /* Debug */,
				27A4B44925B5B93800AFAE7B /* Release */,
			);
			defaultConfigurationIsVisible = 0;
			defaultConfigurationName = Release;
		};
		27A4B44A25B5B93800AFAE7B /* Build configuration list for PBXNativeTarget "BirthdaysApp" */ = {
			isa = XCConfigurationList;
			buildConfigurations = (
				27A4B44B25B5B93800AFAE7B /* Debug */,
				27A4B44C25B5B93800AFAE7B /* Release */,
			);
			defaultConfigurationIsVisible = 0;
			defaultConfigurationName = Release;
		};
/* End XCConfigurationList section */
	};
	rootObject = 27A4B42E25B5B93300AFAE7B /* Project object */;
}
